
Microsoft Visual Studio Solution File, Format Version 12.00
# Visual Studio 15
VisualStudioVersion = 15.0.27703.2000
MinimumVisualStudioVersion = 10.0.40219.1
Project("{FAE04EC0-301F-11D3-BF4B-00C04F79EFBC}") = "Thi60Final", "Thi60Final\Thi60Final.csproj", "{61D98FF1-BF78-4683-A428-6C4E5A8917A4}"
EndProject
Project("{FAE04EC0-301F-11D3-BF4B-00C04F79EFBC}") = "Model", "Model\Model.csproj", "{56C95D8A-B846-49F2-A2FE-4A83128FA3EF}"
EndProject
Global
	GlobalSection(SolutionConfigurationPlatforms) = preSolution
		Debug|Any CPU = Debug|Any CPU
		Release|Any CPU = Release|Any CPU
	EndGlobalSection
	GlobalSection(ProjectConfigurationPlatforms) = postSolution
		{61D98FF1-BF78-4683-A428-6C4E5A8917A4}.Debug|Any CPU.ActiveCfg = Debug|Any CPU
		{61D98FF1-BF78-4683-A428-6C4E5A8917A4}.Debug|Any CPU.Build.0 = Debug|Any CPU
		{61D98FF1-BF78-4683-A428-6C4E5A8917A4}.Release|Any CPU.ActiveCfg = Release|Any CPU
		{61D98FF1-BF78-4683-A428-6C4E5A8917A4}.Release|Any CPU.Build.0 = Release|Any CPU
		{56C95D8A-B846-49F2-A2FE-4A83128FA3EF}.Debug|Any CPU.ActiveCfg = Debug|Any CPU
		{56C95D8A-B846-49F2-A2FE-4A83128FA3EF}.Debug|Any CPU.Build.0 = Debug|Any CPU
		{56C95D8A-B846-49F2-A2FE-4A83128FA3EF}.Release|Any CPU.ActiveCfg = Release|Any CPU
		{56C95D8A-B846-49F2-A2FE-4A83128FA3EF}.Release|Any CPU.Build.0 = Release|Any CPU
	EndGlobalSection
	GlobalSection(SolutionProperties) = preSolution
		HideSolutionNode = FALSE
	EndGlobalSection
	GlobalSection(ExtensibilityGlobals) = postSolution
		SolutionGuid = {F8A61E72-83D2-43C5-89E7-4252F7B9CA37}
	EndGlobalSection
EndGlobal
